// !$*UTF8*$!
{
	archiveVersion = 1;
	classes = {
	};
	objectVersion = 48;
	objects = {

/* Begin PBXBuildFile section */
		D4C9D04021676C800012024A /* AppDelegate.swift in Sources */ = {isa = PBXBuildFile; fileRef = D4C9D03F21676C800012024A /* AppDelegate.swift */; };
		D4C9D04221676C800012024A /* ViewController.swift in Sources */ = {isa = PBXBuildFile; fileRef = D4C9D04121676C800012024A /* ViewController.swift */; };
		D4C9D04521676C800012024A /* Main.storyboard in Resources */ = {isa = PBXBuildFile; fileRef = D4C9D04321676C800012024A /* Main.storyboard */; };
		D4C9D04721676C800012024A /* Assets.xcassets in Resources */ = {isa = PBXBuildFile; fileRef = D4C9D04621676C800012024A /* Assets.xcassets */; };
		D4C9D04A21676C800012024A /* LaunchScreen.storyboard in Resources */ = {isa = PBXBuildFile; fileRef = D4C9D04821676C800012024A /* LaunchScreen.storyboard */; };
		D4C9D05521676C800012024A /* MyBooksTests.swift in Sources */ = {isa = PBXBuildFile; fileRef = D4C9D05421676C800012024A /* MyBooksTests.swift */; };
		D4C9D06021676C800012024A /* MyBooksUITests.swift in Sources */ = {isa = PBXBuildFile; fileRef = D4C9D05F21676C800012024A /* MyBooksUITests.swift */; };
/* End PBXBuildFile section */

/* Begin PBXContainerItemProxy section */
		D4C9D05121676C800012024A /* PBXContainerItemProxy */ = {
			isa = PBXContainerItemProxy;
			containerPortal = D4C9D03421676C800012024A /* Project object */;
			proxyType = 1;
			remoteGlobalIDString = D4C9D03B21676C800012024A;
			remoteInfo = MyBooks;
		};
		D4C9D05C21676C800012024A /* PBXContainerItemProxy */ = {
			isa = PBXContainerItemProxy;
			containerPortal = D4C9D03421676C800012024A /* Project object */;
			proxyType = 1;
			remoteGlobalIDString = D4C9D03B21676C800012024A;
			remoteInfo = MyBooks;
		};
/* End PBXContainerItemProxy section */

/* Begin PBXFileReference section */
		D4C9D03C21676C800012024A /* MyBooks.app */ = {isa = PBXFileReference; explicitFileType = wrapper.application; includeInIndex = 0; path = MyBooks.app; sourceTree = BUILT_PRODUCTS_DIR; };
		D4C9D03F21676C800012024A /* AppDelegate.swift */ = {isa = PBXFileReference; lastKnownFileType = sourcecode.swift; path = AppDelegate.swift; sourceTree = "<group>"; };
		D4C9D04121676C800012024A /* ViewController.swift */ = {isa = PBXFileReference; lastKnownFileType = sourcecode.swift; path = ViewController.swift; sourceTree = "<group>"; };
		D4C9D04421676C800012024A /* Base */ = {isa = PBXFileReference; lastKnownFileType = file.storyboard; name = Base; path = Base.lproj/Main.storyboard; sourceTree = "<group>"; };
		D4C9D04621676C800012024A /* Assets.xcassets */ = {isa = PBXFileReference; lastKnownFileType = folder.assetcatalog; path = Assets.xcassets; sourceTree = "<group>"; };
		D4C9D04921676C800012024A /* Base */ = {isa = PBXFileReference; lastKnownFileType = file.storyboard; name = Base; path = Base.lproj/LaunchScreen.storyboard; sourceTree = "<group>"; };
		D4C9D04B21676C800012024A /* Info.plist */ = {isa = PBXFileReference; lastKnownFileType = text.plist.xml; path = Info.plist; sourceTree = "<group>"; };
		D4C9D05021676C800012024A /* MyBooksTests.xctest */ = {isa = PBXFileReference; explicitFileType = wrapper.cfbundle; includeInIndex = 0; path = MyBooksTests.xctest; sourceTree = BUILT_PRODUCTS_DIR; };
		D4C9D05421676C800012024A /* MyBooksTests.swift */ = {isa = PBXFileReference; lastKnownFileType = sourcecode.swift; path = MyBooksTests.swift; sourceTree = "<group>"; };
		D4C9D05621676C800012024A /* Info.plist */ = {isa = PBXFileReference; lastKnownFileType = text.plist.xml; path = Info.plist; sourceTree = "<group>"; };
		D4C9D05B21676C800012024A /* MyBooksUITests.xctest */ = {isa = PBXFileReference; explicitFileType = wrapper.cfbundle; includeInIndex = 0; path = MyBooksUITests.xctest; sourceTree = BUILT_PRODUCTS_DIR; };
		D4C9D05F21676C800012024A /* MyBooksUITests.swift */ = {isa = PBXFileReference; lastKnownFileType = sourcecode.swift; path = MyBooksUITests.swift; sourceTree = "<group>"; };
		D4C9D06121676C800012024A /* Info.plist */ = {isa = PBXFileReference; lastKnownFileType = text.plist.xml; path = Info.plist; sourceTree = "<group>"; };
/* End PBXFileReference section */

/* Begin PBXFrameworksBuildPhase section */
		D4C9D03921676C800012024A /* Frameworks */ = {
			isa = PBXFrameworksBuildPhase;
			buildActionMask = 2147483647;
			files = (
			);
			runOnlyForDeploymentPostprocessing = 0;
		};
		D4C9D04D21676C800012024A /* Frameworks */ = {
			isa = PBXFrameworksBuildPhase;
			buildActionMask = 2147483647;
			files = (
			);
			runOnlyForDeploymentPostprocessing = 0;
		};
		D4C9D05821676C800012024A /* Frameworks */ = {
			isa = PBXFrameworksBuildPhase;
			buildActionMask = 2147483647;
			files = (
			);
			runOnlyForDeploymentPostprocessing = 0;
		};
/* End PBXFrameworksBuildPhase section */

/* Begin PBXGroup section */
		D4C9D03321676C800012024A = {
			isa = PBXGroup;
			children = (
				D4C9D03E21676C800012024A /* MyBooks */,
				D4C9D05321676C800012024A /* MyBooksTests */,
				D4C9D05E21676C800012024A /* MyBooksUITests */,
				D4C9D03D21676C800012024A /* Products */,
			);
			sourceTree = "<group>";
		};
		D4C9D03D21676C800012024A /* Products */ = {
			isa = PBXGroup;
			children = (
				D4C9D03C21676C800012024A /* MyBooks.app */,
				D4C9D05021676C800012024A /* MyBooksTests.xctest */,
				D4C9D05B21676C800012024A /* MyBooksUITests.xctest */,
			);
			name = Products;
			sourceTree = "<group>";
		};
		D4C9D03E21676C800012024A /* MyBooks */ = {
			isa = PBXGroup;
			children = (
				D4C9D03F21676C800012024A /* AppDelegate.swift */,
				D4C9D04121676C800012024A /* ViewController.swift */,
				D4C9D04321676C800012024A /* Main.storyboard */,
				D4C9D04621676C800012024A /* Assets.xcassets */,
				D4C9D04821676C800012024A /* LaunchScreen.storyboard */,
				D4C9D04B21676C800012024A /* Info.plist */,
			);
			path = MyBooks;
			sourceTree = "<group>";
		};
		D4C9D05321676C800012024A /* MyBooksTests */ = {
			isa = PBXGroup;
			children = (
				D4C9D05421676C800012024A /* MyBooksTests.swift */,
				D4C9D05621676C800012024A /* Info.plist */,
			);
			path = MyBooksTests;
			sourceTree = "<group>";
		};
		D4C9D05E21676C800012024A /* MyBooksUITests */ = {
			isa = PBXGroup;
			children = (
				D4C9D05F21676C800012024A /* MyBooksUITests.swift */,
				D4C9D06121676C800012024A /* Info.plist */,
			);
			path = MyBooksUITests;
			sourceTree = "<group>";
		};
/* End PBXGroup section */

/* Begin PBXNativeTarget section */
		D4C9D03B21676C800012024A /* MyBooks */ = {
			isa = PBXNativeTarget;
			buildConfigurationList = D4C9D06421676C800012024A /* Build configuration list for PBXNativeTarget "MyBooks" */;
			buildPhases = (
				D4C9D03821676C800012024A /* Sources */,
				D4C9D03921676C800012024A /* Frameworks */,
				D4C9D03A21676C800012024A /* Resources */,
			);
			buildRules = (
			);
			dependencies = (
			);
			name = MyBooks;
			productName = MyBooks;
			productReference = D4C9D03C21676C800012024A /* MyBooks.app */;
			productType = "com.apple.product-type.application";
		};
		D4C9D04F21676C800012024A /* MyBooksTests */ = {
			isa = PBXNativeTarget;
			buildConfigurationList = D4C9D06721676C800012024A /* Build configuration list for PBXNativeTarget "MyBooksTests" */;
			buildPhases = (
				D4C9D04C21676C800012024A /* Sources */,
				D4C9D04D21676C800012024A /* Frameworks */,
				D4C9D04E21676C800012024A /* Resources */,
			);
			buildRules = (
			);
			dependencies = (
				D4C9D05221676C800012024A /* PBXTargetDependency */,
			);
			name = MyBooksTests;
			productName = MyBooksTests;
			productReference = D4C9D05021676C800012024A /* MyBooksTests.xctest */;
			productType = "com.apple.product-type.bundle.unit-test";
		};
		D4C9D05A21676C800012024A /* MyBooksUITests */ = {
			isa = PBXNativeTarget;
			buildConfigurationList = D4C9D06A21676C800012024A /* Build configuration list for PBXNativeTarget "MyBooksUITests" */;
			buildPhases = (
				D4C9D05721676C800012024A /* Sources */,
				D4C9D05821676C800012024A /* Frameworks */,
				D4C9D05921676C800012024A /* Resources */,
			);
			buildRules = (
			);
			dependencies = (
				D4C9D05D21676C800012024A /* PBXTargetDependency */,
			);
			name = MyBooksUITests;
			productName = MyBooksUITests;
			productReference = D4C9D05B21676C800012024A /* MyBooksUITests.xctest */;
			productType = "com.apple.product-type.bundle.ui-testing";
		};
/* End PBXNativeTarget section */

/* Begin PBXProject section */
		D4C9D03421676C800012024A /* Project object */ = {
			isa = PBXProject;
			attributes = {
				LastSwiftUpdateCheck = 0920;
				LastUpgradeCheck = 0920;
				ORGANIZATIONNAME = "좌 준협";
				TargetAttributes = {
					D4C9D03B21676C800012024A = {
						CreatedOnToolsVersion = 9.2;
						ProvisioningStyle = Automatic;
					};
					D4C9D04F21676C800012024A = {
						CreatedOnToolsVersion = 9.2;
						ProvisioningStyle = Automatic;
						TestTargetID = D4C9D03B21676C800012024A;
					};
					D4C9D05A21676C800012024A = {
						CreatedOnToolsVersion = 9.2;
						ProvisioningStyle = Automatic;
						TestTargetID = D4C9D03B21676C800012024A;
					};
				};
			};
			buildConfigurationList = D4C9D03721676C800012024A /* Build configuration list for PBXProject "MyBooks" */;
			compatibilityVersion = "Xcode 8.0";
			developmentRegion = en;
			hasScannedForEncodings = 0;
			knownRegions = (
				en,
				Base,
			);
			mainGroup = D4C9D03321676C800012024A;
			productRefGroup = D4C9D03D21676C800012024A /* Products */;
			projectDirPath = "";
			projectRoot = "";
			targets = (
				D4C9D03B21676C800012024A /* MyBooks */,
				D4C9D04F21676C800012024A /* MyBooksTests */,
				D4C9D05A21676C800012024A /* MyBooksUITests */,
			);
		};
/* End PBXProject section */

/* Begin PBXResourcesBuildPhase section */
		D4C9D03A21676C800012024A /* Resources */ = {
			isa = PBXResourcesBuildPhase;
			buildActionMask = 2147483647;
			files = (
				D4C9D04A21676C800012024A /* LaunchScreen.storyboard in Resources */,
				D4C9D04721676C800012024A /* Assets.xcassets in Resources */,
				D4C9D04521676C800012024A /* Main.storyboard in Resources */,
			);
			runOnlyForDeploymentPostprocessing = 0;
		};
		D4C9D04E21676C800012024A /* Resources */ = {
			isa = PBXResourcesBuildPhase;
			buildActionMask = 2147483647;
			files = (
			);
			runOnlyForDeploymentPostprocessing = 0;
		};
		D4C9D05921676C800012024A /* Resources */ = {
			isa = PBXResourcesBuildPhase;
			buildActionMask = 2147483647;
			files = (
			);
			runOnlyForDeploymentPostprocessing = 0;
		};
/* End PBXResourcesBuildPhase section */

/* Begin PBXSourcesBuildPhase section */
		D4C9D03821676C800012024A /* Sources */ = {
			isa = PBXSourcesBuildPhase;
			buildActionMask = 2147483647;
			files = (
				D4C9D04221676C800012024A /* ViewController.swift in Sources */,
				D4C9D04021676C800012024A /* AppDelegate.swift in Sources */,
			);
			runOnlyForDeploymentPostprocessing = 0;
		};
		D4C9D04C21676C800012024A /* Sources */ = {
			isa = PBXSourcesBuildPhase;
			buildActionMask = 2147483647;
			files = (
				D4C9D05521676C800012024A /* MyBooksTests.swift in Sources */,
			);
			runOnlyForDeploymentPostprocessing = 0;
		};
		D4C9D05721676C800012024A /* Sources */ = {
			isa = PBXSourcesBuildPhase;
			buildActionMask = 2147483647;
			files = (
				D4C9D06021676C800012024A /* MyBooksUITests.swift in Sources */,
			);
			runOnlyForDeploymentPostprocessing = 0;
		};
/* End PBXSourcesBuildPhase section */

/* Begin PBXTargetDependency section */
		D4C9D05221676C800012024A /* PBXTargetDependency */ = {
			isa = PBXTargetDependency;
			target = D4C9D03B21676C800012024A /* MyBooks */;
			targetProxy = D4C9D05121676C800012024A /* PBXContainerItemProxy */;
		};
		D4C9D05D21676C800012024A /* PBXTargetDependency */ = {
			isa = PBXTargetDependency;
			target = D4C9D03B21676C800012024A /* MyBooks */;
			targetProxy = D4C9D05C21676C800012024A /* PBXContainerItemProxy */;
		};
/* End PBXTargetDependency section */

/* Begin PBXVariantGroup section */
		D4C9D04321676C800012024A /* Main.storyboard */ = {
			isa = PBXVariantGroup;
			children = (
				D4C9D04421676C800012024A /* Base */,
			);
			name = Main.storyboard;
			sourceTree = "<group>";
		};
		D4C9D04821676C800012024A /* LaunchScreen.storyboard */ = {
			isa = PBXVariantGroup;
			children = (
				D4C9D04921676C800012024A /* Base */,
			);
			name = LaunchScreen.storyboard;
			sourceTree = "<group>";
		};
/* End PBXVariantGroup section */

/* Begin XCBuildConfiguration section */
		D4C9D06221676C800012024A /* Debug */ = {
			isa = XCBuildConfiguration;
			buildSettings = {
				ALWAYS_SEARCH_USER_PATHS = NO;
				CLANG_ANALYZER_NONNULL = YES;
				CLANG_ANALYZER_NUMBER_OBJECT_CONVERSION = YES_AGGRESSIVE;
				CLANG_CXX_LANGUAGE_STANDARD = "gnu++14";
				CLANG_CXX_LIBRARY = "libc++";
				CLANG_ENABLE_MODULES = YES;
				CLANG_ENABLE_OBJC_ARC = YES;
				CLANG_WARN_BLOCK_CAPTURE_AUTORELEASING = YES;
				CLANG_WARN_BOOL_CONVERSION = YES;
				CLANG_WARN_COMMA = YES;
				CLANG_WARN_CONSTANT_CONVERSION = YES;
				CLANG_WARN_DIRECT_OBJC_ISA_USAGE = YES_ERROR;
				CLANG_WARN_DOCUMENTATION_COMMENTS = YES;
				CLANG_WARN_EMPTY_BODY = YES;
				CLANG_WARN_ENUM_CONVERSION = YES;
				CLANG_WARN_INFINITE_RECURSION = YES;
				CLANG_WARN_INT_CONVERSION = YES;
				CLANG_WARN_NON_LITERAL_NULL_CONVERSION = YES;
				CLANG_WARN_OBJC_LITERAL_CONVERSION = YES;
				CLANG_WARN_OBJC_ROOT_CLASS = YES_ERROR;
				CLANG_WARN_RANGE_LOOP_ANALYSIS = YES;
				CLANG_WARN_STRICT_PROTOTYPES = YES;
				CLANG_WARN_SUSPICIOUS_MOVE = YES;
				CLANG_WARN_UNGUARDED_AVAILABILITY = YES_AGGRESSIVE;
				CLANG_WARN_UNREACHABLE_CODE = YES;
				CLANG_WARN__DUPLICATE_METHOD_MATCH = YES;
				CODE_SIGN_IDENTITY = "iPhone Developer";
				COPY_PHASE_STRIP = NO;
				DEBUG_INFORMATION_FORMAT = dwarf;
				ENABLE_STRICT_OBJC_MSGSEND = YES;
				ENABLE_TESTABILITY = YES;
				GCC_C_LANGUAGE_STANDARD = gnu11;
				GCC_DYNAMIC_NO_PIC = NO;
				GCC_NO_COMMON_BLOCKS = YES;
				GCC_OPTIMIZATION_LEVEL = 0;
				GCC_PREPROCESSOR_DEFINITIONS = (
					"DEBUG=1",
					"$(inherited)",
				);
				GCC_WARN_64_TO_32_BIT_CONVERSION = YES;
				GCC_WARN_ABOUT_RETURN_TYPE = YES_ERROR;
				GCC_WARN_UNDECLARED_SELECTOR = YES;
				GCC_WARN_UNINITIALIZED_AUTOS = YES_AGGRESSIVE;
				GCC_WARN_UNUSED_FUNCTION = YES;
				GCC_WARN_UNUSED_VARIABLE = YES;
				IPHONEOS_DEPLOYMENT_TARGET = 11.2;
				MTL_ENABLE_DEBUG_INFO = YES;
				ONLY_ACTIVE_ARCH = YES;
				SDKROOT = iphoneos;
				SWIFT_ACTIVE_COMPILATION_CONDITIONS = DEBUG;
				SWIFT_OPTIMIZATION_LEVEL = "-Onone";
			};
			name = Debug;
		};
		D4C9D06321676C800012024A /* Release */ = {
			isa = XCBuildConfiguration;
			buildSettings = {
				ALWAYS_SEARCH_USER_PATHS = NO;
				CLANG_ANALYZER_NONNULL = YES;
				CLANG_ANALYZER_NUMBER_OBJECT_CONVERSION = YES_AGGRESSIVE;
				CLANG_CXX_LANGUAGE_STANDARD = "gnu++14";
				CLANG_CXX_LIBRARY = "libc++";
				CLANG_ENABLE_MODULES = YES;
				CLANG_ENABLE_OBJC_ARC = YES;
				CLANG_WARN_BLOCK_CAPTURE_AUTORELEASING = YES;
				CLANG_WARN_BOOL_CONVERSION = YES;
				CLANG_WARN_COMMA = YES;
				CLANG_WARN_CONSTANT_CONVERSION = YES;
				CLANG_WARN_DIRECT_OBJC_ISA_USAGE = YES_ERROR;
				CLANG_WARN_DOCUMENTATION_COMMENTS = YES;
				CLANG_WARN_EMPTY_BODY = YES;
				CLANG_WARN_ENUM_CONVERSION = YES;
				CLANG_WARN_INFINITE_RECURSION = YES;
				CLANG_WARN_INT_CONVERSION = YES;
				CLANG_WARN_NON_LITERAL_NULL_CONVERSION = YES;
				CLANG_WARN_OBJC_LITERAL_CONVERSION = YES;
				CLANG_WARN_OBJC_ROOT_CLASS = YES_ERROR;
				CLANG_WARN_RANGE_LOOP_ANALYSIS = YES;
				CLANG_WARN_STRICT_PROTOTYPES = YES;
				CLANG_WARN_SUSPICIOUS_MOVE = YES;
				CLANG_WARN_UNGUARDED_AVAILABILITY = YES_AGGRESSIVE;
				CLANG_WARN_UNREACHABLE_CODE = YES;
				CLANG_WARN__DUPLICATE_METHOD_MATCH = YES;
				CODE_SIGN_IDENTITY = "iPhone Developer";
				COPY_PHASE_STRIP = NO;
				DEBUG_INFORMATION_FORMAT = "dwarf-with-dsym";
				ENABLE_NS_ASSERTIONS = NO;
				ENABLE_STRICT_OBJC_MSGSEND = YES;
				GCC_C_LANGUAGE_STANDARD = gnu11;
				GCC_NO_COMMON_BLOCKS = YES;
				GCC_WARN_64_TO_32_BIT_CONVERSION = YES;
				GCC_WARN_ABOUT_RETURN_TYPE = YES_ERROR;
				GCC_WARN_UNDECLARED_SELECTOR = YES;
				GCC_WARN_UNINITIALIZED_AUTOS = YES_AGGRESSIVE;
				GCC_WARN_UNUSED_FUNCTION = YES;
				GCC_WARN_UNUSED_VARIABLE = YES;
				IPHONEOS_DEPLOYMENT_TARGET = 11.2;
				MTL_ENABLE_DEBUG_INFO = NO;
				SDKROOT = iphoneos;
				SWIFT_OPTIMIZATION_LEVEL = "-Owholemodule";
				VALIDATE_PRODUCT = YES;
			};
			name = Release;
		};
		D4C9D06521676C800012024A /* Debug */ = {
			isa = XCBuildConfiguration;
			buildSettings = {
				ASSETCATALOG_COMPILER_APPICON_NAME = AppIcon;
				CODE_SIGN_STYLE = Automatic;
				INFOPLIST_FILE = MyBooks/Info.plist;
				LD_RUNPATH_SEARCH_PATHS = "$(inherited) @executable_path/Frameworks";
				PRODUCT_BUNDLE_IDENTIFIER = com.yourcompany.MyBooks;
				PRODUCT_NAME = "$(TARGET_NAME)";
				SWIFT_VERSION = 4.0;
				TARGETED_DEVICE_FAMILY = "1,2";
			};
			name = Debug;
		};
		D4C9D06621676C800012024A /* Release */ = {
			isa = XCBuildConfiguration;
			buildSettings = {
				ASSETCATALOG_COMPILER_APPICON_NAME = AppIcon;
				CODE_SIGN_STYLE = Automatic;
				INFOPLIST_FILE = MyBooks/Info.plist;
				LD_RUNPATH_SEARCH_PATHS = "$(inherited) @executable_path/Frameworks";
				PRODUCT_BUNDLE_IDENTIFIER = com.yourcompany.MyBooks;
				PRODUCT_NAME = "$(TARGET_NAME)";
				SWIFT_VERSION = 4.0;
				TARGETED_DEVICE_FAMILY = "1,2";
			};
			name = Release;
		};
		D4C9D06821676C800012024A /* Debug */ = {
			isa = XCBuildConfiguration;
			buildSettings = {
				ALWAYS_EMBED_SWIFT_STANDARD_LIBRARIES = YES;
				BUNDLE_LOADER = "$(TEST_HOST)";
				CODE_SIGN_STYLE = Automatic;
				INFOPLIST_FILE = MyBooksTests/Info.plist;
				LD_RUNPATH_SEARCH_PATHS = "$(inherited) @executable_path/Frameworks @loader_path/Frameworks";
				PRODUCT_BUNDLE_IDENTIFIER = com.yourcompany.MyBooksTests;
				PRODUCT_NAME = "$(TARGET_NAME)";
				SWIFT_VERSION = 4.0;
				TARGETED_DEVICE_FAMILY = "1,2";
				TEST_HOST = "$(BUILT_PRODUCTS_DIR)/MyBooks.app/MyBooks";
			};
			name = Debug;
		};
		D4C9D06921676C800012024A /* Release */ = {
			isa = XCBuildConfiguration;
			buildSettings = {
				ALWAYS_EMBED_SWIFT_STANDARD_LIBRARIES = YES;
				BUNDLE_LOADER = "$(TEST_HOST)";
				CODE_SIGN_STYLE = Automatic;
				INFOPLIST_FILE = MyBooksTests/Info.plist;
				LD_RUNPATH_SEARCH_PATHS = "$(inherited) @executable_path/Frameworks @loader_path/Frameworks";
				PRODUCT_BUNDLE_IDENTIFIER = com.yourcompany.MyBooksTests;
				PRODUCT_NAME = "$(TARGET_NAME)";
				SWIFT_VERSION = 4.0;
				TARGETED_DEVICE_FAMILY = "1,2";
				TEST_HOST = "$(BUILT_PRODUCTS_DIR)/MyBooks.app/MyBooks";
			};
			name = Release;
		};
		D4C9D06B21676C800012024A /* Debug */ = {
			isa = XCBuildConfiguration;
			buildSettings = {
				ALWAYS_EMBED_SWIFT_STANDARD_LIBRARIES = YES;
				CODE_SIGN_STYLE = Automatic;
				INFOPLIST_FILE = MyBooksUITests/Info.plist;
				LD_RUNPATH_SEARCH_PATHS = "$(inherited) @executable_path/Frameworks @loader_path/Frameworks";
				PRODUCT_BUNDLE_IDENTIFIER = com.yourcompany.MyBooksUITests;
				PRODUCT_NAME = "$(TARGET_NAME)";
				SWIFT_VERSION = 4.0;
				TARGETED_DEVICE_FAMILY = "1,2";
				TEST_TARGET_NAME = MyBooks;
			};
			name = Debug;
		};
		D4C9D06C21676C800012024A /* Release */ = {
			isa = XCBuildConfiguration;
			buildSettings = {
				ALWAYS_EMBED_SWIFT_STANDARD_LIBRARIES = YES;
				CODE_SIGN_STYLE = Automatic;
				INFOPLIST_FILE = MyBooksUITests/Info.plist;
				LD_RUNPATH_SEARCH_PATHS = "$(inherited) @executable_path/Frameworks @loader_path/Frameworks";
				PRODUCT_BUNDLE_IDENTIFIER = com.yourcompany.MyBooksUITests;
				PRODUCT_NAME = "$(TARGET_NAME)";
				SWIFT_VERSION = 4.0;
				TARGETED_DEVICE_FAMILY = "1,2";
				TEST_TARGET_NAME = MyBooks;
			};
			name = Release;
		};
/* End XCBuildConfiguration section */

/* Begin XCConfigurationList section */
		D4C9D03721676C800012024A /* Build configuration list for PBXProject "MyBooks" */ = {
			isa = XCConfigurationList;
			buildConfigurations = (
				D4C9D06221676C800012024A /* Debug */,
				D4C9D06321676C800012024A /* Release */,
			);
			defaultConfigurationIsVisible = 0;
			defaultConfigurationName = Release;
		};
		D4C9D06421676C800012024A /* Build configuration list for PBXNativeTarget "MyBooks" */ = {
			isa = XCConfigurationList;
			buildConfigurations = (
				D4C9D06521676C800012024A /* Debug */,
				D4C9D06621676C800012024A /* Release */,
			);
			defaultConfigurationIsVisible = 0;
			defaultConfigurationName = Release;
		};
		D4C9D06721676C800012024A /* Build configuration list for PBXNativeTarget "MyBooksTests" */ = {
			isa = XCConfigurationList;
			buildConfigurations = (
				D4C9D06821676C800012024A /* Debug */,
				D4C9D06921676C800012024A /* Release */,
			);
			defaultConfigurationIsVisible = 0;
			defaultConfigurationName = Release;
		};
		D4C9D06A21676C800012024A /* Build configuration list for PBXNativeTarget "MyBooksUITests" */ = {
			isa = XCConfigurationList;
			buildConfigurations = (
				D4C9D06B21676C800012024A /* Debug */,
				D4C9D06C21676C800012024A /* Release */,
			);
			defaultConfigurationIsVisible = 0;
			defaultConfigurationName = Release;
		};
/* End XCConfigurationList section */
	};
	rootObject = D4C9D03421676C800012024A /* Project object */;
}
